// !$*UTF8*$!
{
	archiveVersion = 1;
	classes = {
	};
	objectVersion = 50;
	objects = {

/* Begin PBXBuildFile section */
		410EA23827A8180D00A820C3 /* RSSListViewController.m in Sources */ = {isa = PBXBuildFile; fileRef = 410EA23727A8180D00A820C3 /* RSSListViewController.m */; };
		410EA24227A82BF200A820C3 /* RSSListViewModel.m in Sources */ = {isa = PBXBuildFile; fileRef = 410EA24127A82BF200A820C3 /* RSSListViewModel.m */; };
		410EA24D27A8A74B00A820C3 /* RSSEntry.m in Sources */ = {isa = PBXBuildFile; fileRef = 410EA24C27A8A74B00A820C3 /* RSSEntry.m */; };
		410FCCC627A2F3E400668248 /* AppDelegate.m in Sources */ = {isa = PBXBuildFile; fileRef = 410FCCC527A2F3E400668248 /* AppDelegate.m */; };
		410FCCC927A2F3E400668248 /* SceneDelegate.m in Sources */ = {isa = PBXBuildFile; fileRef = 410FCCC827A2F3E400668248 /* SceneDelegate.m */; };
		410FCCD127A2F3E600668248 /* Assets.xcassets in Resources */ = {isa = PBXBuildFile; fileRef = 410FCCD027A2F3E600668248 /* Assets.xcassets */; };
		410FCCD427A2F3E600668248 /* LaunchScreen.storyboard in Resources */ = {isa = PBXBuildFile; fileRef = 410FCCD227A2F3E600668248 /* LaunchScreen.storyboard */; };
		410FCCD727A2F3E600668248 /* main.m in Sources */ = {isa = PBXBuildFile; fileRef = 410FCCD627A2F3E600668248 /* main.m */; };
		410FCCE127A2F3E700668248 /* RSSReaderTests.m in Sources */ = {isa = PBXBuildFile; fileRef = 410FCCE027A2F3E700668248 /* RSSReaderTests.m */; };
		4112A70E2804B2F600EF5763 /* DetailsViewController.m in Sources */ = {isa = PBXBuildFile; fileRef = 4112A70D2804B2F600EF5763 /* DetailsViewController.m */; };
		4112A7142804B33900EF5763 /* DetailsViewModel.m in Sources */ = {isa = PBXBuildFile; fileRef = 4112A7132804B33900EF5763 /* DetailsViewModel.m */; };
		4112A71B2804B75800EF5763 /* WebViewViewModel.m in Sources */ = {isa = PBXBuildFile; fileRef = 4112A71A2804B75800EF5763 /* WebViewViewModel.m */; };
		4112A7212804B77200EF5763 /* WebViewViewController.m in Sources */ = {isa = PBXBuildFile; fileRef = 4112A7202804B77200EF5763 /* WebViewViewController.m */; };
		41B2A2AB27A988A5006A4CF6 /* RSSFeedService.m in Sources */ = {isa = PBXBuildFile; fileRef = 41B2A2AA27A988A5006A4CF6 /* RSSFeedService.m */; };
		41B2A2B127A988E8006A4CF6 /* RSSFeedXMLParser.m in Sources */ = {isa = PBXBuildFile; fileRef = 41B2A2B027A988E8006A4CF6 /* RSSFeedXMLParser.m */; };
		41B2A2B727A98A22006A4CF6 /* RSSChannel.m in Sources */ = {isa = PBXBuildFile; fileRef = 41B2A2B627A98A22006A4CF6 /* RSSChannel.m */; };
		41B2A2C527AAC7D2006A4CF6 /* NSMutableString+PathComponents.m in Sources */ = {isa = PBXBuildFile; fileRef = 41B2A2C427AAC7D2006A4CF6 /* NSMutableString+PathComponents.m */; };
/* End PBXBuildFile section */

/* Begin PBXContainerItemProxy section */
		410FCCDD27A2F3E700668248 /* PBXContainerItemProxy */ = {
			isa = PBXContainerItemProxy;
			containerPortal = 410FCCB927A2F3E400668248 /* Project object */;
			proxyType = 1;
			remoteGlobalIDString = 410FCCC027A2F3E400668248;
			remoteInfo = RSSReader;
		};
/* End PBXContainerItemProxy section */

/* Begin PBXFileReference section */
		410EA23627A8180D00A820C3 /* RSSListViewController.h */ = {isa = PBXFileReference; lastKnownFileType = sourcecode.c.h; path = RSSListViewController.h; sourceTree = "<group>"; };
		410EA23727A8180D00A820C3 /* RSSListViewController.m */ = {isa = PBXFileReference; lastKnownFileType = sourcecode.c.objc; path = RSSListViewController.m; sourceTree = "<group>"; };
		410EA24127A82BF200A820C3 /* RSSListViewModel.m */ = {isa = PBXFileReference; lastKnownFileType = sourcecode.c.objc; path = RSSListViewModel.m; sourceTree = "<group>"; };
		410EA24927A82C4300A820C3 /* RSSListViewModel.h */ = {isa = PBXFileReference; lastKnownFileType = sourcecode.c.h; path = RSSListViewModel.h; sourceTree = "<group>"; };
		410EA24C27A8A74B00A820C3 /* RSSEntry.m */ = {isa = PBXFileReference; lastKnownFileType = sourcecode.c.objc; path = RSSEntry.m; sourceTree = "<group>"; };
		410EA25127A8A76900A820C3 /* RSSEntry.h */ = {isa = PBXFileReference; lastKnownFileType = sourcecode.c.h; path = RSSEntry.h; sourceTree = "<group>"; };
		410FCCC127A2F3E400668248 /* RSSReader.app */ = {isa = PBXFileReference; explicitFileType = wrapper.application; includeInIndex = 0; path = RSSReader.app; sourceTree = BUILT_PRODUCTS_DIR; };
		410FCCC427A2F3E400668248 /* AppDelegate.h */ = {isa = PBXFileReference; lastKnownFileType = sourcecode.c.h; path = AppDelegate.h; sourceTree = "<group>"; };
		410FCCC527A2F3E400668248 /* AppDelegate.m */ = {isa = PBXFileReference; lastKnownFileType = sourcecode.c.objc; path = AppDelegate.m; sourceTree = "<group>"; };
		410FCCC727A2F3E400668248 /* SceneDelegate.h */ = {isa = PBXFileReference; lastKnownFileType = sourcecode.c.h; path = SceneDelegate.h; sourceTree = "<group>"; };
		410FCCC827A2F3E400668248 /* SceneDelegate.m */ = {isa = PBXFileReference; lastKnownFileType = sourcecode.c.objc; path = SceneDelegate.m; sourceTree = "<group>"; };
		410FCCD027A2F3E600668248 /* Assets.xcassets */ = {isa = PBXFileReference; lastKnownFileType = folder.assetcatalog; path = Assets.xcassets; sourceTree = "<group>"; };
		410FCCD327A2F3E600668248 /* Base */ = {isa = PBXFileReference; lastKnownFileType = file.storyboard; name = Base; path = Base.lproj/LaunchScreen.storyboard; sourceTree = "<group>"; };
		410FCCD527A2F3E600668248 /* Info.plist */ = {isa = PBXFileReference; lastKnownFileType = text.plist.xml; path = Info.plist; sourceTree = "<group>"; };
		410FCCD627A2F3E600668248 /* main.m */ = {isa = PBXFileReference; lastKnownFileType = sourcecode.c.objc; path = main.m; sourceTree = "<group>"; };
		410FCCDC27A2F3E700668248 /* RSSReaderTests.xctest */ = {isa = PBXFileReference; explicitFileType = wrapper.cfbundle; includeInIndex = 0; path = RSSReaderTests.xctest; sourceTree = BUILT_PRODUCTS_DIR; };
		410FCCE027A2F3E700668248 /* RSSReaderTests.m */ = {isa = PBXFileReference; lastKnownFileType = sourcecode.c.objc; path = RSSReaderTests.m; sourceTree = "<group>"; };
		410FCCE227A2F3E700668248 /* Info.plist */ = {isa = PBXFileReference; lastKnownFileType = text.plist.xml; path = Info.plist; sourceTree = "<group>"; };
		4112A70C2804B2F600EF5763 /* DetailsViewController.h */ = {isa = PBXFileReference; lastKnownFileType = sourcecode.c.h; path = DetailsViewController.h; sourceTree = "<group>"; };
		4112A70D2804B2F600EF5763 /* DetailsViewController.m */ = {isa = PBXFileReference; lastKnownFileType = sourcecode.c.objc; path = DetailsViewController.m; sourceTree = "<group>"; };
		4112A7122804B33900EF5763 /* DetailsViewModel.h */ = {isa = PBXFileReference; lastKnownFileType = sourcecode.c.h; path = DetailsViewModel.h; sourceTree = "<group>"; };
		4112A7132804B33900EF5763 /* DetailsViewModel.m */ = {isa = PBXFileReference; lastKnownFileType = sourcecode.c.objc; path = DetailsViewModel.m; sourceTree = "<group>"; };
		4112A7192804B75800EF5763 /* WebViewViewModel.h */ = {isa = PBXFileReference; lastKnownFileType = sourcecode.c.h; path = WebViewViewModel.h; sourceTree = "<group>"; };
		4112A71A2804B75800EF5763 /* WebViewViewModel.m */ = {isa = PBXFileReference; lastKnownFileType = sourcecode.c.objc; path = WebViewViewModel.m; sourceTree = "<group>"; };
		4112A71F2804B77200EF5763 /* WebViewViewController.h */ = {isa = PBXFileReference; lastKnownFileType = sourcecode.c.h; path = WebViewViewController.h; sourceTree = "<group>"; };
		4112A7202804B77200EF5763 /* WebViewViewController.m */ = {isa = PBXFileReference; lastKnownFileType = sourcecode.c.objc; path = WebViewViewController.m; sourceTree = "<group>"; };
		41B2A2A927A988A5006A4CF6 /* RSSFeedService.h */ = {isa = PBXFileReference; lastKnownFileType = sourcecode.c.h; path = RSSFeedService.h; sourceTree = "<group>"; };
		41B2A2AA27A988A5006A4CF6 /* RSSFeedService.m */ = {isa = PBXFileReference; lastKnownFileType = sourcecode.c.objc; path = RSSFeedService.m; sourceTree = "<group>"; };
		41B2A2AF27A988E8006A4CF6 /* RSSFeedXMLParser.h */ = {isa = PBXFileReference; lastKnownFileType = sourcecode.c.h; path = RSSFeedXMLParser.h; sourceTree = "<group>"; };
		41B2A2B027A988E8006A4CF6 /* RSSFeedXMLParser.m */ = {isa = PBXFileReference; lastKnownFileType = sourcecode.c.objc; path = RSSFeedXMLParser.m; sourceTree = "<group>"; };
		41B2A2B527A98A22006A4CF6 /* RSSChannel.h */ = {isa = PBXFileReference; lastKnownFileType = sourcecode.c.h; path = RSSChannel.h; sourceTree = "<group>"; };
		41B2A2B627A98A22006A4CF6 /* RSSChannel.m */ = {isa = PBXFileReference; lastKnownFileType = sourcecode.c.objc; path = RSSChannel.m; sourceTree = "<group>"; };
		41B2A2C327AAC7D2006A4CF6 /* NSMutableString+PathComponents.h */ = {isa = PBXFileReference; lastKnownFileType = sourcecode.c.h; path = "NSMutableString+PathComponents.h"; sourceTree = "<group>"; };
		41B2A2C427AAC7D2006A4CF6 /* NSMutableString+PathComponents.m */ = {isa = PBXFileReference; lastKnownFileType = sourcecode.c.objc; path = "NSMutableString+PathComponents.m"; sourceTree = "<group>"; };
/* End PBXFileReference section */

/* Begin PBXFrameworksBuildPhase section */
		410FCCBE27A2F3E400668248 /* Frameworks */ = {
			isa = PBXFrameworksBuildPhase;
			buildActionMask = 2147483647;
			files = (
			);
			runOnlyForDeploymentPostprocessing = 0;
		};
		410FCCD927A2F3E700668248 /* Frameworks */ = {
			isa = PBXFrameworksBuildPhase;
			buildActionMask = 2147483647;
			files = (
			);
			runOnlyForDeploymentPostprocessing = 0;
		};
/* End PBXFrameworksBuildPhase section */

/* Begin PBXGroup section */
		410EA23527A8179C00A820C3 /* Controllers */ = {
			isa = PBXGroup;
			children = (
				4112A7182804B72B00EF5763 /* WebView */,
				4112A70B2804B2D000EF5763 /* Details */,
				410EA23627A8180D00A820C3 /* RSSListViewController.h */,
				410EA23727A8180D00A820C3 /* RSSListViewController.m */,
				410EA24927A82C4300A820C3 /* RSSListViewModel.h */,
				410EA24127A82BF200A820C3 /* RSSListViewModel.m */,
			);
			path = Controllers;
			sourceTree = "<group>";
		};
		410EA24B27A8A6AD00A820C3 /* Models */ = {
			isa = PBXGroup;
			children = (
				410EA25127A8A76900A820C3 /* RSSEntry.h */,
				410EA24C27A8A74B00A820C3 /* RSSEntry.m */,
				41B2A2B527A98A22006A4CF6 /* RSSChannel.h */,
				41B2A2B627A98A22006A4CF6 /* RSSChannel.m */,
			);
			path = Models;
			sourceTree = "<group>";
		};
		410EA25227A8A86300A820C3 /* Utils */ = {
			isa = PBXGroup;
			children = (
				41B2A2C227AAC7B1006A4CF6 /* Extensions */,
			);
			path = Utils;
			sourceTree = "<group>";
		};
		410FCCB827A2F3E400668248 = {
			isa = PBXGroup;
			children = (
				410FCCC327A2F3E400668248 /* RSSReader */,
				410FCCDF27A2F3E700668248 /* RSSReaderTests */,
				410FCCC227A2F3E400668248 /* Products */,
			);
			sourceTree = "<group>";
		};
		410FCCC227A2F3E400668248 /* Products */ = {
			isa = PBXGroup;
			children = (
				410FCCC127A2F3E400668248 /* RSSReader.app */,
				410FCCDC27A2F3E700668248 /* RSSReaderTests.xctest */,
			);
			name = Products;
			sourceTree = "<group>";
		};
		410FCCC327A2F3E400668248 /* RSSReader */ = {
			isa = PBXGroup;
			children = (
				41B2A2A627A98827006A4CF6 /* Services */,
				410EA25227A8A86300A820C3 /* Utils */,
				410EA24B27A8A6AD00A820C3 /* Models */,
				410EA23527A8179C00A820C3 /* Controllers */,
				410FCCC427A2F3E400668248 /* AppDelegate.h */,
				410FCCC527A2F3E400668248 /* AppDelegate.m */,
				410FCCC727A2F3E400668248 /* SceneDelegate.h */,
				410FCCC827A2F3E400668248 /* SceneDelegate.m */,
				410FCCD027A2F3E600668248 /* Assets.xcassets */,
				410FCCD227A2F3E600668248 /* LaunchScreen.storyboard */,
				410FCCD527A2F3E600668248 /* Info.plist */,
				410FCCD627A2F3E600668248 /* main.m */,
			);
			path = RSSReader;
			sourceTree = "<group>";
		};
		410FCCDF27A2F3E700668248 /* RSSReaderTests */ = {
			isa = PBXGroup;
			children = (
				410FCCE027A2F3E700668248 /* RSSReaderTests.m */,
				410FCCE227A2F3E700668248 /* Info.plist */,
			);
			path = RSSReaderTests;
			sourceTree = "<group>";
		};
		4112A70B2804B2D000EF5763 /* Details */ = {
			isa = PBXGroup;
			children = (
				4112A70C2804B2F600EF5763 /* DetailsViewController.h */,
				4112A70D2804B2F600EF5763 /* DetailsViewController.m */,
				4112A7122804B33900EF5763 /* DetailsViewModel.h */,
				4112A7132804B33900EF5763 /* DetailsViewModel.m */,
			);
			path = Details;
			sourceTree = "<group>";
		};
		4112A7182804B72B00EF5763 /* WebView */ = {
			isa = PBXGroup;
			children = (
				4112A7192804B75800EF5763 /* WebViewViewModel.h */,
				4112A71A2804B75800EF5763 /* WebViewViewModel.m */,
				4112A71F2804B77200EF5763 /* WebViewViewController.h */,
				4112A7202804B77200EF5763 /* WebViewViewController.m */,
			);
			path = WebView;
			sourceTree = "<group>";
		};
		41B2A2A627A98827006A4CF6 /* Services */ = {
			isa = PBXGroup;
			children = (
				41B2A2A727A98834006A4CF6 /* Network */,
			);
			path = Services;
			sourceTree = "<group>";
		};
		41B2A2A727A98834006A4CF6 /* Network */ = {
			isa = PBXGroup;
			children = (
				41B2A2A827A9885E006A4CF6 /* Parsers */,
				41B2A2A927A988A5006A4CF6 /* RSSFeedService.h */,
				41B2A2AA27A988A5006A4CF6 /* RSSFeedService.m */,
			);
			path = Network;
			sourceTree = "<group>";
		};
		41B2A2A827A9885E006A4CF6 /* Parsers */ = {
			isa = PBXGroup;
			children = (
				41B2A2AF27A988E8006A4CF6 /* RSSFeedXMLParser.h */,
				41B2A2B027A988E8006A4CF6 /* RSSFeedXMLParser.m */,
			);
			path = Parsers;
			sourceTree = "<group>";
		};
		41B2A2C227AAC7B1006A4CF6 /* Extensions */ = {
			isa = PBXGroup;
			children = (
				41B2A2C327AAC7D2006A4CF6 /* NSMutableString+PathComponents.h */,
				41B2A2C427AAC7D2006A4CF6 /* NSMutableString+PathComponents.m */,
			);
			path = Extensions;
			sourceTree = "<group>";
		};
/* End PBXGroup section */

/* Begin PBXNativeTarget section */
		410FCCC027A2F3E400668248 /* RSSReader */ = {
			isa = PBXNativeTarget;
			buildConfigurationList = 410FCCF027A2F3E700668248 /* Build configuration list for PBXNativeTarget "RSSReader" */;
			buildPhases = (
				410FCCBD27A2F3E400668248 /* Sources */,
				410FCCBE27A2F3E400668248 /* Frameworks */,
				410FCCBF27A2F3E400668248 /* Resources */,
			);
			buildRules = (
			);
			dependencies = (
			);
			name = RSSReader;
			productName = RSSReader;
			productReference = 410FCCC127A2F3E400668248 /* RSSReader.app */;
			productType = "com.apple.product-type.application";
		};
		410FCCDB27A2F3E700668248 /* RSSReaderTests */ = {
			isa = PBXNativeTarget;
			buildConfigurationList = 410FCCF327A2F3E700668248 /* Build configuration list for PBXNativeTarget "RSSReaderTests" */;
			buildPhases = (
				410FCCD827A2F3E700668248 /* Sources */,
				410FCCD927A2F3E700668248 /* Frameworks */,
				410FCCDA27A2F3E700668248 /* Resources */,
			);
			buildRules = (
			);
			dependencies = (
				410FCCDE27A2F3E700668248 /* PBXTargetDependency */,
			);
			name = RSSReaderTests;
			productName = RSSReaderTests;
			productReference = 410FCCDC27A2F3E700668248 /* RSSReaderTests.xctest */;
			productType = "com.apple.product-type.bundle.unit-test";
		};
/* End PBXNativeTarget section */

/* Begin PBXProject section */
		410FCCB927A2F3E400668248 /* Project object */ = {
			isa = PBXProject;
			attributes = {
				LastUpgradeCheck = 1240;
				TargetAttributes = {
					410FCCC027A2F3E400668248 = {
						CreatedOnToolsVersion = 12.4;
					};
					410FCCDB27A2F3E700668248 = {
						CreatedOnToolsVersion = 12.4;
						TestTargetID = 410FCCC027A2F3E400668248;
					};
				};
			};
			buildConfigurationList = 410FCCBC27A2F3E400668248 /* Build configuration list for PBXProject "RSSReader" */;
			compatibilityVersion = "Xcode 9.3";
			developmentRegion = en;
			hasScannedForEncodings = 0;
			knownRegions = (
				en,
				Base,
			);
			mainGroup = 410FCCB827A2F3E400668248;
			productRefGroup = 410FCCC227A2F3E400668248 /* Products */;
			projectDirPath = "";
			projectRoot = "";
			targets = (
				410FCCC027A2F3E400668248 /* RSSReader */,
				410FCCDB27A2F3E700668248 /* RSSReaderTests */,
			);
		};
/* End PBXProject section */

/* Begin PBXResourcesBuildPhase section */
		410FCCBF27A2F3E400668248 /* Resources */ = {
			isa = PBXResourcesBuildPhase;
			buildActionMask = 2147483647;
			files = (
				410FCCD427A2F3E600668248 /* LaunchScreen.storyboard in Resources */,
				410FCCD127A2F3E600668248 /* Assets.xcassets in Resources */,
			);
			runOnlyForDeploymentPostprocessing = 0;
		};
		410FCCDA27A2F3E700668248 /* Resources */ = {
			isa = PBXResourcesBuildPhase;
			buildActionMask = 2147483647;
			files = (
			);
			runOnlyForDeploymentPostprocessing = 0;
		};
/* End PBXResourcesBuildPhase section */

/* Begin PBXSourcesBuildPhase section */
		410FCCBD27A2F3E400668248 /* Sources */ = {
			isa = PBXSourcesBuildPhase;
			buildActionMask = 2147483647;
			files = (
				41B2A2C527AAC7D2006A4CF6 /* NSMutableString+PathComponents.m in Sources */,
				410FCCC627A2F3E400668248 /* AppDelegate.m in Sources */,
				4112A70E2804B2F600EF5763 /* DetailsViewController.m in Sources */,
				41B2A2AB27A988A5006A4CF6 /* RSSFeedService.m in Sources */,
				410FCCD727A2F3E600668248 /* main.m in Sources */,
				4112A71B2804B75800EF5763 /* WebViewViewModel.m in Sources */,
				41B2A2B727A98A22006A4CF6 /* RSSChannel.m in Sources */,
				410EA24227A82BF200A820C3 /* RSSListViewModel.m in Sources */,
				410EA24D27A8A74B00A820C3 /* RSSEntry.m in Sources */,
				4112A7142804B33900EF5763 /* DetailsViewModel.m in Sources */,
				410FCCC927A2F3E400668248 /* SceneDelegate.m in Sources */,
				4112A7212804B77200EF5763 /* WebViewViewController.m in Sources */,
				410EA23827A8180D00A820C3 /* RSSListViewController.m in Sources */,
				41B2A2B127A988E8006A4CF6 /* RSSFeedXMLParser.m in Sources */,
			);
			runOnlyForDeploymentPostprocessing = 0;
		};
		410FCCD827A2F3E700668248 /* Sources */ = {
			isa = PBXSourcesBuildPhase;
			buildActionMask = 2147483647;
			files = (
				410FCCE127A2F3E700668248 /* RSSReaderTests.m in Sources */,
			);
			runOnlyForDeploymentPostprocessing = 0;
		};
/* End PBXSourcesBuildPhase section */

/* Begin PBXTargetDependency section */
		410FCCDE27A2F3E700668248 /* PBXTargetDependency */ = {
			isa = PBXTargetDependency;
			target = 410FCCC027A2F3E400668248 /* RSSReader */;
			targetProxy = 410FCCDD27A2F3E700668248 /* PBXContainerItemProxy */;
		};
/* End PBXTargetDependency section */

/* Begin PBXVariantGroup section */
		410FCCD227A2F3E600668248 /* LaunchScreen.storyboard */ = {
			isa = PBXVariantGroup;
			children = (
				410FCCD327A2F3E600668248 /* Base */,
			);
			name = LaunchScreen.storyboard;
			sourceTree = "<group>";
		};
/* End PBXVariantGroup section */

/* Begin XCBuildConfiguration section */
		410FCCEE27A2F3E700668248 /* Debug */ = {
			isa = XCBuildConfiguration;
			buildSettings = {
				ALWAYS_SEARCH_USER_PATHS = NO;
				CLANG_ANALYZER_NONNULL = YES;
				CLANG_ANALYZER_NUMBER_OBJECT_CONVERSION = YES_AGGRESSIVE;
				CLANG_CXX_LANGUAGE_STANDARD = "gnu++14";
				CLANG_CXX_LIBRARY = "libc++";
				CLANG_ENABLE_MODULES = YES;
				CLANG_ENABLE_OBJC_ARC = NO;
				CLANG_ENABLE_OBJC_WEAK = YES;
				CLANG_WARN_BLOCK_CAPTURE_AUTORELEASING = YES;
				CLANG_WARN_BOOL_CONVERSION = YES;
				CLANG_WARN_COMMA = YES;
				CLANG_WARN_CONSTANT_CONVERSION = YES;
				CLANG_WARN_DEPRECATED_OBJC_IMPLEMENTATIONS = YES;
				CLANG_WARN_DIRECT_OBJC_ISA_USAGE = YES_ERROR;
				CLANG_WARN_DOCUMENTATION_COMMENTS = YES;
				CLANG_WARN_EMPTY_BODY = YES;
				CLANG_WARN_ENUM_CONVERSION = YES;
				CLANG_WARN_INFINITE_RECURSION = YES;
				CLANG_WARN_INT_CONVERSION = YES;
				CLANG_WARN_NON_LITERAL_NULL_CONVERSION = YES;
				CLANG_WARN_OBJC_IMPLICIT_RETAIN_SELF = YES;
				CLANG_WARN_OBJC_LITERAL_CONVERSION = YES;
				CLANG_WARN_OBJC_ROOT_CLASS = YES_ERROR;
				CLANG_WARN_QUOTED_INCLUDE_IN_FRAMEWORK_HEADER = YES;
				CLANG_WARN_RANGE_LOOP_ANALYSIS = YES;
				CLANG_WARN_STRICT_PROTOTYPES = YES;
				CLANG_WARN_SUSPICIOUS_MOVE = YES;
				CLANG_WARN_UNGUARDED_AVAILABILITY = YES_AGGRESSIVE;
				CLANG_WARN_UNREACHABLE_CODE = YES;
				CLANG_WARN__DUPLICATE_METHOD_MATCH = YES;
				COPY_PHASE_STRIP = NO;
				DEBUG_INFORMATION_FORMAT = dwarf;
				ENABLE_STRICT_OBJC_MSGSEND = YES;
				ENABLE_TESTABILITY = YES;
				GCC_C_LANGUAGE_STANDARD = gnu11;
				GCC_DYNAMIC_NO_PIC = NO;
				GCC_NO_COMMON_BLOCKS = YES;
				GCC_OPTIMIZATION_LEVEL = 0;
				GCC_PREPROCESSOR_DEFINITIONS = (
					"DEBUG=1",
					"$(inherited)",
				);
				GCC_WARN_64_TO_32_BIT_CONVERSION = YES;
				GCC_WARN_ABOUT_RETURN_TYPE = YES_ERROR;
				GCC_WARN_UNDECLARED_SELECTOR = YES;
				GCC_WARN_UNINITIALIZED_AUTOS = YES_AGGRESSIVE;
				GCC_WARN_UNUSED_FUNCTION = YES;
				GCC_WARN_UNUSED_VARIABLE = YES;
				IPHONEOS_DEPLOYMENT_TARGET = 14.4;
				MTL_ENABLE_DEBUG_INFO = INCLUDE_SOURCE;
				MTL_FAST_MATH = YES;
				ONLY_ACTIVE_ARCH = YES;
				SDKROOT = iphoneos;
			};
			name = Debug;
		};
		410FCCEF27A2F3E700668248 /* Release */ = {
			isa = XCBuildConfiguration;
			buildSettings = {
				ALWAYS_SEARCH_USER_PATHS = NO;
				CLANG_ANALYZER_NONNULL = YES;
				CLANG_ANALYZER_NUMBER_OBJECT_CONVERSION = YES_AGGRESSIVE;
				CLANG_CXX_LANGUAGE_STANDARD = "gnu++14";
				CLANG_CXX_LIBRARY = "libc++";
				CLANG_ENABLE_MODULES = YES;
				CLANG_ENABLE_OBJC_ARC = NO;
				CLANG_ENABLE_OBJC_WEAK = YES;
				CLANG_WARN_BLOCK_CAPTURE_AUTORELEASING = YES;
				CLANG_WARN_BOOL_CONVERSION = YES;
				CLANG_WARN_COMMA = YES;
				CLANG_WARN_CONSTANT_CONVERSION = YES;
				CLANG_WARN_DEPRECATED_OBJC_IMPLEMENTATIONS = YES;
				CLANG_WARN_DIRECT_OBJC_ISA_USAGE = YES_ERROR;
				CLANG_WARN_DOCUMENTATION_COMMENTS = YES;
				CLANG_WARN_EMPTY_BODY = YES;
				CLANG_WARN_ENUM_CONVERSION = YES;
				CLANG_WARN_INFINITE_RECURSION = YES;
				CLANG_WARN_INT_CONVERSION = YES;
				CLANG_WARN_NON_LITERAL_NULL_CONVERSION = YES;
				CLANG_WARN_OBJC_IMPLICIT_RETAIN_SELF = YES;
				CLANG_WARN_OBJC_LITERAL_CONVERSION = YES;
				CLANG_WARN_OBJC_ROOT_CLASS = YES_ERROR;
				CLANG_WARN_QUOTED_INCLUDE_IN_FRAMEWORK_HEADER = YES;
				CLANG_WARN_RANGE_LOOP_ANALYSIS = YES;
				CLANG_WARN_STRICT_PROTOTYPES = YES;
				CLANG_WARN_SUSPICIOUS_MOVE = YES;
				CLANG_WARN_UNGUARDED_AVAILABILITY = YES_AGGRESSIVE;
				CLANG_WARN_UNREACHABLE_CODE = YES;
				CLANG_WARN__DUPLICATE_METHOD_MATCH = YES;
				COPY_PHASE_STRIP = NO;
				DEBUG_INFORMATION_FORMAT = "dwarf-with-dsym";
				ENABLE_NS_ASSERTIONS = NO;
				ENABLE_STRICT_OBJC_MSGSEND = YES;
				GCC_C_LANGUAGE_STANDARD = gnu11;
				GCC_NO_COMMON_BLOCKS = YES;
				GCC_WARN_64_TO_32_BIT_CONVERSION = YES;
				GCC_WARN_ABOUT_RETURN_TYPE = YES_ERROR;
				GCC_WARN_UNDECLARED_SELECTOR = YES;
				GCC_WARN_UNINITIALIZED_AUTOS = YES_AGGRESSIVE;
				GCC_WARN_UNUSED_FUNCTION = YES;
				GCC_WARN_UNUSED_VARIABLE = YES;
				IPHONEOS_DEPLOYMENT_TARGET = 14.4;
				MTL_ENABLE_DEBUG_INFO = NO;
				MTL_FAST_MATH = YES;
				SDKROOT = iphoneos;
				VALIDATE_PRODUCT = YES;
			};
			name = Release;
		};
		410FCCF127A2F3E700668248 /* Debug */ = {
			isa = XCBuildConfiguration;
			buildSettings = {
				ASSETCATALOG_COMPILER_APPICON_NAME = AppIcon;
				ASSETCATALOG_COMPILER_GLOBAL_ACCENT_COLOR_NAME = AccentColor;
				CLANG_ENABLE_OBJC_ARC = NO;
				CODE_SIGN_STYLE = Automatic;
				DEVELOPMENT_TEAM = HPK5P2C2Q2;
				INFOPLIST_FILE = RSSReader/Info.plist;
				IPHONEOS_DEPLOYMENT_TARGET = 13.0;
				LD_RUNPATH_SEARCH_PATHS = (
					"$(inherited)",
					"@executable_path/Frameworks",
				);
				PRODUCT_BUNDLE_IDENTIFIER = com.nadezhda.RSSReader;
				PRODUCT_NAME = "$(TARGET_NAME)";
				TARGETED_DEVICE_FAMILY = "1,2";
			};
			name = Debug;
		};
		410FCCF227A2F3E700668248 /* Release */ = {
			isa = XCBuildConfiguration;
			buildSettings = {
				ASSETCATALOG_COMPILER_APPICON_NAME = AppIcon;
				ASSETCATALOG_COMPILER_GLOBAL_ACCENT_COLOR_NAME = AccentColor;
				CLANG_ENABLE_OBJC_ARC = NO;
				CODE_SIGN_STYLE = Automatic;
				DEVELOPMENT_TEAM = HPK5P2C2Q2;
				INFOPLIST_FILE = RSSReader/Info.plist;
				IPHONEOS_DEPLOYMENT_TARGET = 13.0;
				LD_RUNPATH_SEARCH_PATHS = (
					"$(inherited)",
					"@executable_path/Frameworks",
				);
				PRODUCT_BUNDLE_IDENTIFIER = com.nadezhda.RSSReader;
				PRODUCT_NAME = "$(TARGET_NAME)";
				TARGETED_DEVICE_FAMILY = "1,2";
			};
			name = Release;
		};
		410FCCF427A2F3E700668248 /* Debug */ = {
			isa = XCBuildConfiguration;
			buildSettings = {
				BUNDLE_LOADER = "$(TEST_HOST)";
				CODE_SIGN_STYLE = Automatic;
				DEVELOPMENT_TEAM = HPK5P2C2Q2;
				INFOPLIST_FILE = RSSReaderTests/Info.plist;
				IPHONEOS_DEPLOYMENT_TARGET = 14.4;
				LD_RUNPATH_SEARCH_PATHS = (
					"$(inherited)",
					"@executable_path/Frameworks",
					"@loader_path/Frameworks",
				);
				PRODUCT_BUNDLE_IDENTIFIER = com.nadezhda.RSSReaderTests;
				PRODUCT_NAME = "$(TARGET_NAME)";
				TARGETED_DEVICE_FAMILY = "1,2";
				TEST_HOST = "$(BUILT_PRODUCTS_DIR)/RSSReader.app/RSSReader";
			};
			name = Debug;
		};
		410FCCF527A2F3E700668248 /* Release */ = {
			isa = XCBuildConfiguration;
			buildSettings = {
				BUNDLE_LOADER = "$(TEST_HOST)";
				CODE_SIGN_STYLE = Automatic;
				DEVELOPMENT_TEAM = HPK5P2C2Q2;
				INFOPLIST_FILE = RSSReaderTests/Info.plist;
				IPHONEOS_DEPLOYMENT_TARGET = 14.4;
				LD_RUNPATH_SEARCH_PATHS = (
					"$(inherited)",
					"@executable_path/Frameworks",
					"@loader_path/Frameworks",
				);
				PRODUCT_BUNDLE_IDENTIFIER = com.nadezhda.RSSReaderTests;
				PRODUCT_NAME = "$(TARGET_NAME)";
				TARGETED_DEVICE_FAMILY = "1,2";
				TEST_HOST = "$(BUILT_PRODUCTS_DIR)/RSSReader.app/RSSReader";
			};
			name = Release;
		};
/* End XCBuildConfiguration section */

/* Begin XCConfigurationList section */
		410FCCBC27A2F3E400668248 /* Build configuration list for PBXProject "RSSReader" */ = {
			isa = XCConfigurationList;
			buildConfigurations = (
				410FCCEE27A2F3E700668248 /* Debug */,
				410FCCEF27A2F3E700668248 /* Release */,
			);
			defaultConfigurationIsVisible = 0;
			defaultConfigurationName = Release;
		};
		410FCCF027A2F3E700668248 /* Build configuration list for PBXNativeTarget "RSSReader" */ = {
			isa = XCConfigurationList;
			buildConfigurations = (
				410FCCF127A2F3E700668248 /* Debug */,
				410FCCF227A2F3E700668248 /* Release */,
			);
			defaultConfigurationIsVisible = 0;
			defaultConfigurationName = Release;
		};
		410FCCF327A2F3E700668248 /* Build configuration list for PBXNativeTarget "RSSReaderTests" */ = {
			isa = XCConfigurationList;
			buildConfigurations = (
				410FCCF427A2F3E700668248 /* Debug */,
				410FCCF527A2F3E700668248 /* Release */,
			);
			defaultConfigurationIsVisible = 0;
			defaultConfigurationName = Release;
		};
/* End XCConfigurationList section */
	};
	rootObject = 410FCCB927A2F3E400668248 /* Project object */;
}
